
Microsoft Visual Studio Solution File, Format Version 12.00
# Visual Studio 2013
VisualStudioVersion = 12.0.21005.1
MinimumVisualStudioVersion = 10.0.40219.1
Project("{FAE04EC0-301F-11D3-BF4B-00C04F79EFBC}") = "WSN_RFID_READER", "WSN_RFID_READER\WSN_RFID_READER.csproj", "{61D55559-C74A-4B61-ACE4-57713F884E8D}"
EndProject
Global
	GlobalSection(SolutionConfigurationPlatforms) = preSolution
		Debug|Any CPU = Debug|Any CPU
		Release|Any CPU = Release|Any CPU
	EndGlobalSection
	GlobalSection(ProjectConfigurationPlatforms) = postSolution
		{61D55559-C74A-4B61-ACE4-57713F884E8D}.Debug|Any CPU.ActiveCfg = Debug|Any CPU
		{61D55559-C74A-4B61-ACE4-57713F884E8D}.Debug|Any CPU.Build.0 = Debug|Any CPU
		{61D55559-C74A-4B61-ACE4-57713F884E8D}.Release|Any CPU.ActiveCfg = Release|Any CPU
		{61D55559-C74A-4B61-ACE4-57713F884E8D}.Release|Any CPU.Build.0 = Release|Any CPU
	EndGlobalSection
	GlobalSection(SolutionProperties) = preSolution
		HideSolutionNode = FALSE
	EndGlobalSection
EndGlobal
